// !$*UTF8*$!
{
	archiveVersion = 1;
	classes = {
	};
	objectVersion = 56;
	objects = {

/* Begin PBXBuildFile section */
		5E00761B2AEAB9B500C46EB4 /* Startdraw.swift in Sources */ = {isa = PBXBuildFile; fileRef = 5E00761A2AEAB9B500C46EB4 /* Startdraw.swift */; };
		5E00761D2AEABD3700C46EB4 /* drawing2.swift in Sources */ = {isa = PBXBuildFile; fileRef = 5E00761C2AEABD3700C46EB4 /* drawing2.swift */; };
		5E3559E12AFAA0B3000D3252 /* file.swift in Sources */ = {isa = PBXBuildFile; fileRef = 5E3559E02AFAA0B3000D3252 /* file.swift */; };
		5E3559E42AFAA310000D3252 /* FirebaseAnalyticsSwift in Frameworks */ = {isa = PBXBuildFile; productRef = 5E3559E32AFAA310000D3252 /* FirebaseAnalyticsSwift */; };
		5E3559E62AFAA648000D3252 /* FirebaseDatabase in Frameworks */ = {isa = PBXBuildFile; productRef = 5E3559E52AFAA648000D3252 /* FirebaseDatabase */; };
		5E3559E82AFAA648000D3252 /* FirebaseDatabaseSwift in Frameworks */ = {isa = PBXBuildFile; productRef = 5E3559E72AFAA648000D3252 /* FirebaseDatabaseSwift */; };
		5E3559EA2AFAA867000D3252 /* WriteViewModel.swift in Sources */ = {isa = PBXBuildFile; fileRef = 5E3559E92AFAA867000D3252 /* WriteViewModel.swift */; };
		5E5497852AE819A500046108 /* DrawingApp.swift in Sources */ = {isa = PBXBuildFile; fileRef = 5E5497842AE819A500046108 /* DrawingApp.swift */; };
		5E5497872AE819A500046108 /* WriteView.swift in Sources */ = {isa = PBXBuildFile; fileRef = 5E5497862AE819A500046108 /* WriteView.swift */; };
		5E5497892AE819A600046108 /* Assets.xcassets in Resources */ = {isa = PBXBuildFile; fileRef = 5E5497882AE819A600046108 /* Assets.xcassets */; };
		5E54978C2AE819A600046108 /* Preview Assets.xcassets in Resources */ = {isa = PBXBuildFile; fileRef = 5E54978B2AE819A600046108 /* Preview Assets.xcassets */; };
		5E5497962AE819A600046108 /* DrawingTests.swift in Sources */ = {isa = PBXBuildFile; fileRef = 5E5497952AE819A600046108 /* DrawingTests.swift */; };
		5E5497A02AE819A600046108 /* DrawingUITests.swift in Sources */ = {isa = PBXBuildFile; fileRef = 5E54979F2AE819A600046108 /* DrawingUITests.swift */; };
		5E5497A22AE819A600046108 /* DrawingUITestsLaunchTests.swift in Sources */ = {isa = PBXBuildFile; fileRef = 5E5497A12AE819A600046108 /* DrawingUITestsLaunchTests.swift */; };
		5E5497AF2AE81BA400046108 /* GoogleService-Info.plist in Resources */ = {isa = PBXBuildFile; fileRef = 5E5497AE2AE81BA400046108 /* GoogleService-Info.plist */; };
		5E5497B22AE81C8300046108 /* FirebaseAnalytics in Frameworks */ = {isa = PBXBuildFile; productRef = 5E5497B12AE81C8300046108 /* FirebaseAnalytics */; };
/* End PBXBuildFile section */

/* Begin PBXContainerItemProxy section */
		5E5497922AE819A600046108 /* PBXContainerItemProxy */ = {
			isa = PBXContainerItemProxy;
			containerPortal = 5E5497792AE819A500046108 /* Project object */;
			proxyType = 1;
			remoteGlobalIDString = 5E5497802AE819A500046108;
			remoteInfo = Drawing;
		};
		5E54979C2AE819A600046108 /* PBXContainerItemProxy */ = {
			isa = PBXContainerItemProxy;
			containerPortal = 5E5497792AE819A500046108 /* Project object */;
			proxyType = 1;
			remoteGlobalIDString = 5E5497802AE819A500046108;
			remoteInfo = Drawing;
		};
/* End PBXContainerItemProxy section */

/* Begin PBXFileReference section */
		5E00761A2AEAB9B500C46EB4 /* Startdraw.swift */ = {isa = PBXFileReference; lastKnownFileType = sourcecode.swift; path = Startdraw.swift; sourceTree = "<group>"; };
		5E00761C2AEABD3700C46EB4 /* drawing2.swift */ = {isa = PBXFileReference; lastKnownFileType = sourcecode.swift; path = drawing2.swift; sourceTree = "<group>"; };
		5E3559E02AFAA0B3000D3252 /* file.swift */ = {isa = PBXFileReference; lastKnownFileType = sourcecode.swift; path = file.swift; sourceTree = "<group>"; };
		5E3559E92AFAA867000D3252 /* WriteViewModel.swift */ = {isa = PBXFileReference; lastKnownFileType = sourcecode.swift; path = WriteViewModel.swift; sourceTree = "<group>"; };
		5E5497812AE819A500046108 /* Drawing.app */ = {isa = PBXFileReference; explicitFileType = wrapper.application; includeInIndex = 0; path = Drawing.app; sourceTree = BUILT_PRODUCTS_DIR; };
		5E5497842AE819A500046108 /* DrawingApp.swift */ = {isa = PBXFileReference; lastKnownFileType = sourcecode.swift; path = DrawingApp.swift; sourceTree = "<group>"; };
		5E5497862AE819A500046108 /* WriteView.swift */ = {isa = PBXFileReference; lastKnownFileType = sourcecode.swift; path = WriteView.swift; sourceTree = "<group>"; };
		5E5497882AE819A600046108 /* Assets.xcassets */ = {isa = PBXFileReference; lastKnownFileType = folder.assetcatalog; path = Assets.xcassets; sourceTree = "<group>"; };
		5E54978B2AE819A600046108 /* Preview Assets.xcassets */ = {isa = PBXFileReference; lastKnownFileType = folder.assetcatalog; path = "Preview Assets.xcassets"; sourceTree = "<group>"; };
		5E5497912AE819A600046108 /* DrawingTests.xctest */ = {isa = PBXFileReference; explicitFileType = wrapper.cfbundle; includeInIndex = 0; path = DrawingTests.xctest; sourceTree = BUILT_PRODUCTS_DIR; };
		5E5497952AE819A600046108 /* DrawingTests.swift */ = {isa = PBXFileReference; lastKnownFileType = sourcecode.swift; path = DrawingTests.swift; sourceTree = "<group>"; };
		5E54979B2AE819A600046108 /* DrawingUITests.xctest */ = {isa = PBXFileReference; explicitFileType = wrapper.cfbundle; includeInIndex = 0; path = DrawingUITests.xctest; sourceTree = BUILT_PRODUCTS_DIR; };
		5E54979F2AE819A600046108 /* DrawingUITests.swift */ = {isa = PBXFileReference; lastKnownFileType = sourcecode.swift; path = DrawingUITests.swift; sourceTree = "<group>"; };
		5E5497A12AE819A600046108 /* DrawingUITestsLaunchTests.swift */ = {isa = PBXFileReference; lastKnownFileType = sourcecode.swift; path = DrawingUITestsLaunchTests.swift; sourceTree = "<group>"; };
		5E5497AE2AE81BA400046108 /* GoogleService-Info.plist */ = {isa = PBXFileReference; fileEncoding = 4; lastKnownFileType = text.plist.xml; name = "GoogleService-Info.plist"; path = "../../../Downloads/GoogleService-Info.plist"; sourceTree = "<group>"; };
/* End PBXFileReference section */

/* Begin PBXFrameworksBuildPhase section */
		5E54977E2AE819A500046108 /* Frameworks */ = {
			isa = PBXFrameworksBuildPhase;
			buildActionMask = 2147483647;
			files = (
				5E3559E82AFAA648000D3252 /* FirebaseDatabaseSwift in Frameworks */,
				5E3559E62AFAA648000D3252 /* FirebaseDatabase in Frameworks */,
				5E3559E42AFAA310000D3252 /* FirebaseAnalyticsSwift in Frameworks */,
				5E5497B22AE81C8300046108 /* FirebaseAnalytics in Frameworks */,
			);
			runOnlyForDeploymentPostprocessing = 0;
		};
		5E54978E2AE819A600046108 /* Frameworks */ = {
			isa = PBXFrameworksBuildPhase;
			buildActionMask = 2147483647;
			files = (
			);
			runOnlyForDeploymentPostprocessing = 0;
		};
		5E5497982AE819A600046108 /* Frameworks */ = {
			isa = PBXFrameworksBuildPhase;
			buildActionMask = 2147483647;
			files = (
			);
			runOnlyForDeploymentPostprocessing = 0;
		};
/* End PBXFrameworksBuildPhase section */

/* Begin PBXGroup section */
		5E3559E22AFAA310000D3252 /* Frameworks */ = {
			isa = PBXGroup;
			children = (
			);
			name = Frameworks;
			sourceTree = "<group>";
		};
		5E5497782AE819A500046108 = {
			isa = PBXGroup;
			children = (
				5E5497832AE819A500046108 /* Drawing */,
				5E5497942AE819A600046108 /* DrawingTests */,
				5E54979E2AE819A600046108 /* DrawingUITests */,
				5E5497822AE819A500046108 /* Products */,
				5E3559E22AFAA310000D3252 /* Frameworks */,
			);
			sourceTree = "<group>";
		};
		5E5497822AE819A500046108 /* Products */ = {
			isa = PBXGroup;
			children = (
				5E5497812AE819A500046108 /* Drawing.app */,
				5E5497912AE819A600046108 /* DrawingTests.xctest */,
				5E54979B2AE819A600046108 /* DrawingUITests.xctest */,
			);
			name = Products;
			sourceTree = "<group>";
		};
		5E5497832AE819A500046108 /* Drawing */ = {
			isa = PBXGroup;
			children = (
				5E5497842AE819A500046108 /* DrawingApp.swift */,
				5E5497862AE819A500046108 /* WriteView.swift */,
				5E3559E92AFAA867000D3252 /* WriteViewModel.swift */,
				5E00761A2AEAB9B500C46EB4 /* Startdraw.swift */,
				5E00761C2AEABD3700C46EB4 /* drawing2.swift */,
				5E3559E02AFAA0B3000D3252 /* file.swift */,
				5E5497882AE819A600046108 /* Assets.xcassets */,
				5E5497AE2AE81BA400046108 /* GoogleService-Info.plist */,
				5E54978A2AE819A600046108 /* Preview Content */,
			);
			path = Drawing;
			sourceTree = "<group>";
		};
		5E54978A2AE819A600046108 /* Preview Content */ = {
			isa = PBXGroup;
			children = (
				5E54978B2AE819A600046108 /* Preview Assets.xcassets */,
			);
			path = "Preview Content";
			sourceTree = "<group>";
		};
		5E5497942AE819A600046108 /* DrawingTests */ = {
			isa = PBXGroup;
			children = (
				5E5497952AE819A600046108 /* DrawingTests.swift */,
			);
			path = DrawingTests;
			sourceTree = "<group>";
		};
		5E54979E2AE819A600046108 /* DrawingUITests */ = {
			isa = PBXGroup;
			children = (
				5E54979F2AE819A600046108 /* DrawingUITests.swift */,
				5E5497A12AE819A600046108 /* DrawingUITestsLaunchTests.swift */,
			);
			path = DrawingUITests;
			sourceTree = "<group>";
		};
/* End PBXGroup section */

/* Begin PBXNativeTarget section */
		5E5497802AE819A500046108 /* Drawing */ = {
			isa = PBXNativeTarget;
			buildConfigurationList = 5E5497A52AE819A600046108 /* Build configuration list for PBXNativeTarget "Drawing" */;
			buildPhases = (
				5E54977D2AE819A500046108 /* Sources */,
				5E54977E2AE819A500046108 /* Frameworks */,
				5E54977F2AE819A500046108 /* Resources */,
			);
			buildRules = (
			);
			dependencies = (
			);
			name = Drawing;
			packageProductDependencies = (
				5E5497B12AE81C8300046108 /* FirebaseAnalytics */,
				5E3559E32AFAA310000D3252 /* FirebaseAnalyticsSwift */,
				5E3559E52AFAA648000D3252 /* FirebaseDatabase */,
				5E3559E72AFAA648000D3252 /* FirebaseDatabaseSwift */,
			);
			productName = Drawing;
			productReference = 5E5497812AE819A500046108 /* Drawing.app */;
			productType = "com.apple.product-type.application";
		};
		5E5497902AE819A600046108 /* DrawingTests */ = {
			isa = PBXNativeTarget;
			buildConfigurationList = 5E5497A82AE819A600046108 /* Build configuration list for PBXNativeTarget "DrawingTests" */;
			buildPhases = (
				5E54978D2AE819A600046108 /* Sources */,
				5E54978E2AE819A600046108 /* Frameworks */,
				5E54978F2AE819A600046108 /* Resources */,
			);
			buildRules = (
			);
			dependencies = (
				5E5497932AE819A600046108 /* PBXTargetDependency */,
			);
			name = DrawingTests;
			productName = DrawingTests;
			productReference = 5E5497912AE819A600046108 /* DrawingTests.xctest */;
			productType = "com.apple.product-type.bundle.unit-test";
		};
		5E54979A2AE819A600046108 /* DrawingUITests */ = {
			isa = PBXNativeTarget;
			buildConfigurationList = 5E5497AB2AE819A600046108 /* Build configuration list for PBXNativeTarget "DrawingUITests" */;
			buildPhases = (
				5E5497972AE819A600046108 /* Sources */,
				5E5497982AE819A600046108 /* Frameworks */,
				5E5497992AE819A600046108 /* Resources */,
			);
			buildRules = (
			);
			dependencies = (
				5E54979D2AE819A600046108 /* PBXTargetDependency */,
			);
			name = DrawingUITests;
			productName = DrawingUITests;
			productReference = 5E54979B2AE819A600046108 /* DrawingUITests.xctest */;
			productType = "com.apple.product-type.bundle.ui-testing";
		};
/* End PBXNativeTarget section */

/* Begin PBXProject section */
		5E5497792AE819A500046108 /* Project object */ = {
			isa = PBXProject;
			attributes = {
				BuildIndependentTargetsInParallel = 1;
				LastSwiftUpdateCheck = 1430;
				LastUpgradeCheck = 1430;
				TargetAttributes = {
					5E5497802AE819A500046108 = {
						CreatedOnToolsVersion = 14.3.1;
					};
					5E5497902AE819A600046108 = {
						CreatedOnToolsVersion = 14.3.1;
						TestTargetID = 5E5497802AE819A500046108;
					};
					5E54979A2AE819A600046108 = {
						CreatedOnToolsVersion = 14.3.1;
						TestTargetID = 5E5497802AE819A500046108;
					};
				};
			};
			buildConfigurationList = 5E54977C2AE819A500046108 /* Build configuration list for PBXProject "Drawing" */;
			compatibilityVersion = "Xcode 14.0";
			developmentRegion = en;
			hasScannedForEncodings = 0;
			knownRegions = (
				en,
				Base,
			);
			mainGroup = 5E5497782AE819A500046108;
			packageReferences = (
				5E5497B02AE81C8300046108 /* XCRemoteSwiftPackageReference "firebase-ios-sdk" */,
			);
			productRefGroup = 5E5497822AE819A500046108 /* Products */;
			projectDirPath = "";
			projectRoot = "";
			targets = (
				5E5497802AE819A500046108 /* Drawing */,
				5E5497902AE819A600046108 /* DrawingTests */,
				5E54979A2AE819A600046108 /* DrawingUITests */,
			);
		};
/* End PBXProject section */

/* Begin PBXResourcesBuildPhase section */
		5E54977F2AE819A500046108 /* Resources */ = {
			isa = PBXResourcesBuildPhase;
			buildActionMask = 2147483647;
			files = (
				5E54978C2AE819A600046108 /* Preview Assets.xcassets in Resources */,
				5E5497892AE819A600046108 /* Assets.xcassets in Resources */,
				5E5497AF2AE81BA400046108 /* GoogleService-Info.plist in Resources */,
			);
			runOnlyForDeploymentPostprocessing = 0;
		};
		5E54978F2AE819A600046108 /* Resources */ = {
			isa = PBXResourcesBuildPhase;
			buildActionMask = 2147483647;
			files = (
			);
			runOnlyForDeploymentPostprocessing = 0;
		};
		5E5497992AE819A600046108 /* Resources */ = {
			isa = PBXResourcesBuildPhase;
			buildActionMask = 2147483647;
			files = (
			);
			runOnlyForDeploymentPostprocessing = 0;
		};
/* End PBXResourcesBuildPhase section */

/* Begin PBXSourcesBuildPhase section */
		5E54977D2AE819A500046108 /* Sources */ = {
			isa = PBXSourcesBuildPhase;
			buildActionMask = 2147483647;
			files = (
				5E3559EA2AFAA867000D3252 /* WriteViewModel.swift in Sources */,
				5E5497872AE819A500046108 /* WriteView.swift in Sources */,
				5E00761B2AEAB9B500C46EB4 /* Startdraw.swift in Sources */,
				5E3559E12AFAA0B3000D3252 /* file.swift in Sources */,
				5E5497852AE819A500046108 /* DrawingApp.swift in Sources */,
				5E00761D2AEABD3700C46EB4 /* drawing2.swift in Sources */,
			);
			runOnlyForDeploymentPostprocessing = 0;
		};
		5E54978D2AE819A600046108 /* Sources */ = {
			isa = PBXSourcesBuildPhase;
			buildActionMask = 2147483647;
			files = (
				5E5497962AE819A600046108 /* DrawingTests.swift in Sources */,
			);
			runOnlyForDeploymentPostprocessing = 0;
		};
		5E5497972AE819A600046108 /* Sources */ = {
			isa = PBXSourcesBuildPhase;
			buildActionMask = 2147483647;
			files = (
				5E5497A02AE819A600046108 /* DrawingUITests.swift in Sources */,
				5E5497A22AE819A600046108 /* DrawingUITestsLaunchTests.swift in Sources */,
			);
			runOnlyForDeploymentPostprocessing = 0;
		};
/* End PBXSourcesBuildPhase section */

/* Begin PBXTargetDependency section */
		5E5497932AE819A600046108 /* PBXTargetDependency */ = {
			isa = PBXTargetDependency;
			target = 5E5497802AE819A500046108 /* Drawing */;
			targetProxy = 5E5497922AE819A600046108 /* PBXContainerItemProxy */;
		};
		5E54979D2AE819A600046108 /* PBXTargetDependency */ = {
			isa = PBXTargetDependency;
			target = 5E5497802AE819A500046108 /* Drawing */;
			targetProxy = 5E54979C2AE819A600046108 /* PBXContainerItemProxy */;
		};
/* End PBXTargetDependency section */

/* Begin XCBuildConfiguration section */
		5E5497A32AE819A600046108 /* Debug */ = {
			isa = XCBuildConfiguration;
			buildSettings = {
				ALWAYS_SEARCH_USER_PATHS = NO;
				CLANG_ANALYZER_NONNULL = YES;
				CLANG_ANALYZER_NUMBER_OBJECT_CONVERSION = YES_AGGRESSIVE;
				CLANG_CXX_LANGUAGE_STANDARD = "gnu++20";
				CLANG_ENABLE_MODULES = YES;
				CLANG_ENABLE_OBJC_ARC = YES;
				CLANG_ENABLE_OBJC_WEAK = YES;
				CLANG_WARN_BLOCK_CAPTURE_AUTORELEASING = YES;
				CLANG_WARN_BOOL_CONVERSION = YES;
				CLANG_WARN_COMMA = YES;
				CLANG_WARN_CONSTANT_CONVERSION = YES;
				CLANG_WARN_DEPRECATED_OBJC_IMPLEMENTATIONS = YES;
				CLANG_WARN_DIRECT_OBJC_ISA_USAGE = YES_ERROR;
				CLANG_WARN_DOCUMENTATION_COMMENTS = YES;
				CLANG_WARN_EMPTY_BODY = YES;
				CLANG_WARN_ENUM_CONVERSION = YES;
				CLANG_WARN_INFINITE_RECURSION = YES;
				CLANG_WARN_INT_CONVERSION = YES;
				CLANG_WARN_NON_LITERAL_NULL_CONVERSION = YES;
				CLANG_WARN_OBJC_IMPLICIT_RETAIN_SELF = YES;
				CLANG_WARN_OBJC_LITERAL_CONVERSION = YES;
				CLANG_WARN_OBJC_ROOT_CLASS = YES_ERROR;
				CLANG_WARN_QUOTED_INCLUDE_IN_FRAMEWORK_HEADER = YES;
				CLANG_WARN_RANGE_LOOP_ANALYSIS = YES;
				CLANG_WARN_STRICT_PROTOTYPES = YES;
				CLANG_WARN_SUSPICIOUS_MOVE = YES;
				CLANG_WARN_UNGUARDED_AVAILABILITY = YES_AGGRESSIVE;
				CLANG_WARN_UNREACHABLE_CODE = YES;
				CLANG_WARN__DUPLICATE_METHOD_MATCH = YES;
				COPY_PHASE_STRIP = NO;
				DEBUG_INFORMATION_FORMAT = dwarf;
				ENABLE_STRICT_OBJC_MSGSEND = YES;
				ENABLE_TESTABILITY = YES;
				GCC_C_LANGUAGE_STANDARD = gnu11;
				GCC_DYNAMIC_NO_PIC = NO;
				GCC_NO_COMMON_BLOCKS = YES;
				GCC_OPTIMIZATION_LEVEL = 0;
				GCC_PREPROCESSOR_DEFINITIONS = (
					"DEBUG=1",
					"$(inherited)",
				);
				GCC_WARN_64_TO_32_BIT_CONVERSION = YES;
				GCC_WARN_ABOUT_RETURN_TYPE = YES_ERROR;
				GCC_WARN_UNDECLARED_SELECTOR = YES;
				GCC_WARN_UNINITIALIZED_AUTOS = YES_AGGRESSIVE;
				GCC_WARN_UNUSED_FUNCTION = YES;
				GCC_WARN_UNUSED_VARIABLE = YES;
				IPHONEOS_DEPLOYMENT_TARGET = 16.4;
				MTL_ENABLE_DEBUG_INFO = INCLUDE_SOURCE;
				MTL_FAST_MATH = YES;
				ONLY_ACTIVE_ARCH = YES;
				SDKROOT = iphoneos;
				SWIFT_ACTIVE_COMPILATION_CONDITIONS = DEBUG;
				SWIFT_OPTIMIZATION_LEVEL = "-Onone";
			};
			name = Debug;
		};
		5E5497A42AE819A600046108 /* Release */ = {
			isa = XCBuildConfiguration;
			buildSettings = {
				ALWAYS_SEARCH_USER_PATHS = NO;
				CLANG_ANALYZER_NONNULL = YES;
				CLANG_ANALYZER_NUMBER_OBJECT_CONVERSION = YES_AGGRESSIVE;
				CLANG_CXX_LANGUAGE_STANDARD = "gnu++20";
				CLANG_ENABLE_MODULES = YES;
				CLANG_ENABLE_OBJC_ARC = YES;
				CLANG_ENABLE_OBJC_WEAK = YES;
				CLANG_WARN_BLOCK_CAPTURE_AUTORELEASING = YES;
				CLANG_WARN_BOOL_CONVERSION = YES;
				CLANG_WARN_COMMA = YES;
				CLANG_WARN_CONSTANT_CONVERSION = YES;
				CLANG_WARN_DEPRECATED_OBJC_IMPLEMENTATIONS = YES;
				CLANG_WARN_DIRECT_OBJC_ISA_USAGE = YES_ERROR;
				CLANG_WARN_DOCUMENTATION_COMMENTS = YES;
				CLANG_WARN_EMPTY_BODY = YES;
				CLANG_WARN_ENUM_CONVERSION = YES;
				CLANG_WARN_INFINITE_RECURSION = YES;
				CLANG_WARN_INT_CONVERSION = YES;
				CLANG_WARN_NON_LITERAL_NULL_CONVERSION = YES;
				CLANG_WARN_OBJC_IMPLICIT_RETAIN_SELF = YES;
				CLANG_WARN_OBJC_LITERAL_CONVERSION = YES;
				CLANG_WARN_OBJC_ROOT_CLASS = YES_ERROR;
				CLANG_WARN_QUOTED_INCLUDE_IN_FRAMEWORK_HEADER = YES;
				CLANG_WARN_RANGE_LOOP_ANALYSIS = YES;
				CLANG_WARN_STRICT_PROTOTYPES = YES;
				CLANG_WARN_SUSPICIOUS_MOVE = YES;
				CLANG_WARN_UNGUARDED_AVAILABILITY = YES_AGGRESSIVE;
				CLANG_WARN_UNREACHABLE_CODE = YES;
				CLANG_WARN__DUPLICATE_METHOD_MATCH = YES;
				COPY_PHASE_STRIP = NO;
				DEBUG_INFORMATION_FORMAT = "dwarf-with-dsym";
				ENABLE_NS_ASSERTIONS = NO;
				ENABLE_STRICT_OBJC_MSGSEND = YES;
				GCC_C_LANGUAGE_STANDARD = gnu11;
				GCC_NO_COMMON_BLOCKS = YES;
				GCC_WARN_64_TO_32_BIT_CONVERSION = YES;
				GCC_WARN_ABOUT_RETURN_TYPE = YES_ERROR;
				GCC_WARN_UNDECLARED_SELECTOR = YES;
				GCC_WARN_UNINITIALIZED_AUTOS = YES_AGGRESSIVE;
				GCC_WARN_UNUSED_FUNCTION = YES;
				GCC_WARN_UNUSED_VARIABLE = YES;
				IPHONEOS_DEPLOYMENT_TARGET = 16.4;
				MTL_ENABLE_DEBUG_INFO = NO;
				MTL_FAST_MATH = YES;
				SDKROOT = iphoneos;
				SWIFT_COMPILATION_MODE = wholemodule;
				SWIFT_OPTIMIZATION_LEVEL = "-O";
				VALIDATE_PRODUCT = YES;
			};
			name = Release;
		};
		5E5497A62AE819A600046108 /* Debug */ = {
			isa = XCBuildConfiguration;
			buildSettings = {
				ASSETCATALOG_COMPILER_APPICON_NAME = AppIcon;
				ASSETCATALOG_COMPILER_GLOBAL_ACCENT_COLOR_NAME = AccentColor;
				CODE_SIGN_STYLE = Automatic;
				CURRENT_PROJECT_VERSION = 1;
				DEVELOPMENT_ASSET_PATHS = "\"Drawing/Preview Content\"";
				ENABLE_PREVIEWS = YES;
				GENERATE_INFOPLIST_FILE = YES;
				INFOPLIST_KEY_UIApplicationSceneManifest_Generation = YES;
				INFOPLIST_KEY_UIApplicationSupportsIndirectInputEvents = YES;
				INFOPLIST_KEY_UILaunchScreen_Generation = YES;
				INFOPLIST_KEY_UISupportedInterfaceOrientations_iPad = "UIInterfaceOrientationPortrait UIInterfaceOrientationPortraitUpsideDown UIInterfaceOrientationLandscapeLeft UIInterfaceOrientationLandscapeRight";
				INFOPLIST_KEY_UISupportedInterfaceOrientations_iPhone = "UIInterfaceOrientationPortrait UIInterfaceOrientationLandscapeLeft UIInterfaceOrientationLandscapeRight";
				LD_RUNPATH_SEARCH_PATHS = (
					"$(inherited)",
					"@executable_path/Frameworks",
				);
				MARKETING_VERSION = 1.0;
				PRODUCT_BUNDLE_IDENTIFIER = phs.Drawing;
				PRODUCT_NAME = "$(TARGET_NAME)";
				SWIFT_EMIT_LOC_STRINGS = YES;
				SWIFT_VERSION = 5.0;
				TARGETED_DEVICE_FAMILY = "1,2";
			};
			name = Debug;
		};
		5E5497A72AE819A600046108 /* Release */ = {
			isa = XCBuildConfiguration;
			buildSettings = {
				ASSETCATALOG_COMPILER_APPICON_NAME = AppIcon;
				ASSETCATALOG_COMPILER_GLOBAL_ACCENT_COLOR_NAME = AccentColor;
				CODE_SIGN_STYLE = Automatic;
				CURRENT_PROJECT_VERSION = 1;
				DEVELOPMENT_ASSET_PATHS = "\"Drawing/Preview Content\"";
				ENABLE_PREVIEWS = YES;
				GENERATE_INFOPLIST_FILE = YES;
				INFOPLIST_KEY_UIApplicationSceneManifest_Generation = YES;
				INFOPLIST_KEY_UIApplicationSupportsIndirectInputEvents = YES;
				INFOPLIST_KEY_UILaunchScreen_Generation = YES;
				INFOPLIST_KEY_UISupportedInterfaceOrientations_iPad = "UIInterfaceOrientationPortrait UIInterfaceOrientationPortraitUpsideDown UIInterfaceOrientationLandscapeLeft UIInterfaceOrientationLandscapeRight";
				INFOPLIST_KEY_UISupportedInterfaceOrientations_iPhone = "UIInterfaceOrientationPortrait UIInterfaceOrientationLandscapeLeft UIInterfaceOrientationLandscapeRight";
				LD_RUNPATH_SEARCH_PATHS = (
					"$(inherited)",
					"@executable_path/Frameworks",
				);
				MARKETING_VERSION = 1.0;
				PRODUCT_BUNDLE_IDENTIFIER = phs.Drawing;
				PRODUCT_NAME = "$(TARGET_NAME)";
				SWIFT_EMIT_LOC_STRINGS = YES;
				SWIFT_VERSION = 5.0;
				TARGETED_DEVICE_FAMILY = "1,2";
			};
			name = Release;
		};
		5E5497A92AE819A600046108 /* Debug */ = {
			isa = XCBuildConfiguration;
			buildSettings = {
				ALWAYS_EMBED_SWIFT_STANDARD_LIBRARIES = YES;
				BUNDLE_LOADER = "$(TEST_HOST)";
				CODE_SIGN_STYLE = Automatic;
				CURRENT_PROJECT_VERSION = 1;
				GENERATE_INFOPLIST_FILE = YES;
				IPHONEOS_DEPLOYMENT_TARGET = 16.4;
				MARKETING_VERSION = 1.0;
				PRODUCT_BUNDLE_IDENTIFIER = phs.DrawingTests;
				PRODUCT_NAME = "$(TARGET_NAME)";
				SWIFT_EMIT_LOC_STRINGS = NO;
				SWIFT_VERSION = 5.0;
				TARGETED_DEVICE_FAMILY = "1,2";
				TEST_HOST = "$(BUILT_PRODUCTS_DIR)/Drawing.app/$(BUNDLE_EXECUTABLE_FOLDER_PATH)/Drawing";
			};
			name = Debug;
		};
		5E5497AA2AE819A600046108 /* Release */ = {
			isa = XCBuildConfiguration;
			buildSettings = {
				ALWAYS_EMBED_SWIFT_STANDARD_LIBRARIES = YES;
				BUNDLE_LOADER = "$(TEST_HOST)";
				CODE_SIGN_STYLE = Automatic;
				CURRENT_PROJECT_VERSION = 1;
				GENERATE_INFOPLIST_FILE = YES;
				IPHONEOS_DEPLOYMENT_TARGET = 16.4;
				MARKETING_VERSION = 1.0;
				PRODUCT_BUNDLE_IDENTIFIER = phs.DrawingTests;
				PRODUCT_NAME = "$(TARGET_NAME)";
				SWIFT_EMIT_LOC_STRINGS = NO;
				SWIFT_VERSION = 5.0;
				TARGETED_DEVICE_FAMILY = "1,2";
				TEST_HOST = "$(BUILT_PRODUCTS_DIR)/Drawing.app/$(BUNDLE_EXECUTABLE_FOLDER_PATH)/Drawing";
			};
			name = Release;
		};
		5E5497AC2AE819A600046108 /* Debug */ = {
			isa = XCBuildConfiguration;
			buildSettings = {
				ALWAYS_EMBED_SWIFT_STANDARD_LIBRARIES = YES;
				CODE_SIGN_STYLE = Automatic;
				CURRENT_PROJECT_VERSION = 1;
				GENERATE_INFOPLIST_FILE = YES;
				MARKETING_VERSION = 1.0;
				PRODUCT_BUNDLE_IDENTIFIER = phs.DrawingUITests;
				PRODUCT_NAME = "$(TARGET_NAME)";
				SWIFT_EMIT_LOC_STRINGS = NO;
				SWIFT_VERSION = 5.0;
				TARGETED_DEVICE_FAMILY = "1,2";
				TEST_TARGET_NAME = Drawing;
			};
			name = Debug;
		};
		5E5497AD2AE819A600046108 /* Release */ = {
			isa = XCBuildConfiguration;
			buildSettings = {
				ALWAYS_EMBED_SWIFT_STANDARD_LIBRARIES = YES;
				CODE_SIGN_STYLE = Automatic;
				CURRENT_PROJECT_VERSION = 1;
				GENERATE_INFOPLIST_FILE = YES;
				MARKETING_VERSION = 1.0;
				PRODUCT_BUNDLE_IDENTIFIER = phs.DrawingUITests;
				PRODUCT_NAME = "$(TARGET_NAME)";
				SWIFT_EMIT_LOC_STRINGS = NO;
				SWIFT_VERSION = 5.0;
				TARGETED_DEVICE_FAMILY = "1,2";
				TEST_TARGET_NAME = Drawing;
			};
			name = Release;
		};
/* End XCBuildConfiguration section */

/* Begin XCConfigurationList section */
		5E54977C2AE819A500046108 /* Build configuration list for PBXProject "Drawing" */ = {
			isa = XCConfigurationList;
			buildConfigurations = (
				5E5497A32AE819A600046108 /* Debug */,
				5E5497A42AE819A600046108 /* Release */,
			);
			defaultConfigurationIsVisible = 0;
			defaultConfigurationName = Release;
		};
		5E5497A52AE819A600046108 /* Build configuration list for PBXNativeTarget "Drawing" */ = {
			isa = XCConfigurationList;
			buildConfigurations = (
				5E5497A62AE819A600046108 /* Debug */,
				5E5497A72AE819A600046108 /* Release */,
			);
			defaultConfigurationIsVisible = 0;
			defaultConfigurationName = Release;
		};
		5E5497A82AE819A600046108 /* Build configuration list for PBXNativeTarget "DrawingTests" */ = {
			isa = XCConfigurationList;
			buildConfigurations = (
				5E5497A92AE819A600046108 /* Debug */,
				5E5497AA2AE819A600046108 /* Release */,
			);
			defaultConfigurationIsVisible = 0;
			defaultConfigurationName = Release;
		};
		5E5497AB2AE819A600046108 /* Build configuration list for PBXNativeTarget "DrawingUITests" */ = {
			isa = XCConfigurationList;
			buildConfigurations = (
				5E5497AC2AE819A600046108 /* Debug */,
				5E5497AD2AE819A600046108 /* Release */,
			);
			defaultConfigurationIsVisible = 0;
			defaultConfigurationName = Release;
		};
/* End XCConfigurationList section */

/* Begin XCRemoteSwiftPackageReference section */
		5E5497B02AE81C8300046108 /* XCRemoteSwiftPackageReference "firebase-ios-sdk" */ = {
			isa = XCRemoteSwiftPackageReference;
			repositoryURL = "https://github.com/firebase/firebase-ios-sdk";
			requirement = {
				kind = upToNextMajorVersion;
				minimumVersion = 10.0.0;
			};
		};
/* End XCRemoteSwiftPackageReference section */

/* Begin XCSwiftPackageProductDependency section */
		5E3559E32AFAA310000D3252 /* FirebaseAnalyticsSwift */ = {
			isa = XCSwiftPackageProductDependency;
			package = 5E5497B02AE81C8300046108 /* XCRemoteSwiftPackageReference "firebase-ios-sdk" */;
			productName = FirebaseAnalyticsSwift;
		};
		5E3559E52AFAA648000D3252 /* FirebaseDatabase */ = {
			isa = XCSwiftPackageProductDependency;
			package = 5E5497B02AE81C8300046108 /* XCRemoteSwiftPackageReference "firebase-ios-sdk" */;
			productName = FirebaseDatabase;
		};
		5E3559E72AFAA648000D3252 /* FirebaseDatabaseSwift */ = {
			isa = XCSwiftPackageProductDependency;
			package = 5E5497B02AE81C8300046108 /* XCRemoteSwiftPackageReference "firebase-ios-sdk" */;
			productName = FirebaseDatabaseSwift;
		};
		5E5497B12AE81C8300046108 /* FirebaseAnalytics */ = {
			isa = XCSwiftPackageProductDependency;
			package = 5E5497B02AE81C8300046108 /* XCRemoteSwiftPackageReference "firebase-ios-sdk" */;
			productName = FirebaseAnalytics;
		};
/* End XCSwiftPackageProductDependency section */
	};
	rootObject = 5E5497792AE819A500046108 /* Project object */;
}
